
Microsoft Visual Studio Solution File, Format Version 12.00
# Visual Studio 15
VisualStudioVersion = 15.0.28307.168
MinimumVisualStudioVersion = 10.0.40219.1
Project("{FAE04EC0-301F-11D3-BF4B-00C04F79EFBC}") = "ObanStarRacersDoubleTwo_Prototype", "ObanStarRacersDoubleTwo_Prototype\ObanStarRacersDoubleTwo_Prototype.csproj", "{5A6EB001-439E-4AB6-9E72-B71DDA634FF0}"
EndProject
Global
	GlobalSection(SolutionConfigurationPlatforms) = preSolution
		Debug|Any CPU = Debug|Any CPU
		Release|Any CPU = Release|Any CPU
	EndGlobalSection
	GlobalSection(ProjectConfigurationPlatforms) = postSolution
		{5A6EB001-439E-4AB6-9E72-B71DDA634FF0}.Debug|Any CPU.ActiveCfg = Debug|Any CPU
		{5A6EB001-439E-4AB6-9E72-B71DDA634FF0}.Debug|Any CPU.Build.0 = Debug|Any CPU
		{5A6EB001-439E-4AB6-9E72-B71DDA634FF0}.Release|Any CPU.ActiveCfg = Release|Any CPU
		{5A6EB001-439E-4AB6-9E72-B71DDA634FF0}.Release|Any CPU.Build.0 = Release|Any CPU
	EndGlobalSection
	GlobalSection(SolutionProperties) = preSolution
		HideSolutionNode = FALSE
	EndGlobalSection
	GlobalSection(ExtensibilityGlobals) = postSolution
		SolutionGuid = {2E72BC93-D223-4DB6-BD5D-303D19935B41}
	EndGlobalSection
EndGlobal
